PODS:
  - Alamofire (4.5.0)
  - AlamofireImage (3.2.0):
    - Alamofire (~> 4.1)

DEPENDENCIES:
  - AlamofireImage

SPEC CHECKSUMS:
  Alamofire: f28cdffd29de33a7bfa022cbd63ae95a27fae140
  AlamofireImage: 157ed682cc81d3b9db4fb90c1f12180ac552d93b

PODFILE CHECKSUM: ca375d6bac2937cd99eb02d9fe8aed26447dc64d

COCOAPODS: 1.1.1
