// !$*UTF8*$!
{
	archiveVersion = 1;
	classes = {
	};
	objectVersion = 46;
	objects = {

/* Begin PBXBuildFile section */
		3A40EBA51F398B41004AA91D /* UIColor+Addition.swift in Sources */ = {isa = PBXBuildFile; fileRef = 3A40EBA41F398B41004AA91D /* UIColor+Addition.swift */; };
		3A40EBA71F39B191004AA91D /* UIImage+Addition.swift in Sources */ = {isa = PBXBuildFile; fileRef = 3A40EBA61F39B191004AA91D /* UIImage+Addition.swift */; };
		3A40EBA91F3AB5A6004AA91D /* SplashViewController.swift in Sources */ = {isa = PBXBuildFile; fileRef = 3A40EBA81F3AB5A6004AA91D /* SplashViewController.swift */; };
		3A40EBAB1F3B1D16004AA91D /* RootViewController.swift in Sources */ = {isa = PBXBuildFile; fileRef = 3A40EBAA1F3B1D16004AA91D /* RootViewController.swift */; };
		3A747A591F2990BE000B3492 /* VerticalProgressView.swift in Sources */ = {isa = PBXBuildFile; fileRef = 3A747A581F2990BE000B3492 /* VerticalProgressView.swift */; };
		3A929A6A1F3DB3F700600B49 /* UIView+Addition.swift in Sources */ = {isa = PBXBuildFile; fileRef = 3A929A691F3DB3F700600B49 /* UIView+Addition.swift */; };
		3A929A6D1F3F790400600B49 /* Timer+Addition.swift in Sources */ = {isa = PBXBuildFile; fileRef = 3A929A6C1F3F790400600B49 /* Timer+Addition.swift */; };
		3A973A391F41B84400D87014 /* AdvertGame.storyboard in Resources */ = {isa = PBXBuildFile; fileRef = 3A973A381F41B84400D87014 /* AdvertGame.storyboard */; };
		3A99FDDA1F1D14B700D1BD08 /* AppDelegate.swift in Sources */ = {isa = PBXBuildFile; fileRef = 3A99FDD91F1D14B700D1BD08 /* AppDelegate.swift */; };
		3A99FDDC1F1D14B700D1BD08 /* PuzzleViewController.swift in Sources */ = {isa = PBXBuildFile; fileRef = 3A99FDDB1F1D14B700D1BD08 /* PuzzleViewController.swift */; };
		3A99FDDF1F1D14B700D1BD08 /* Main.storyboard in Resources */ = {isa = PBXBuildFile; fileRef = 3A99FDDD1F1D14B700D1BD08 /* Main.storyboard */; };
		3A99FDE11F1D14B700D1BD08 /* Assets.xcassets in Resources */ = {isa = PBXBuildFile; fileRef = 3A99FDE01F1D14B700D1BD08 /* Assets.xcassets */; };
		3A99FDE41F1D14B700D1BD08 /* LaunchScreen.storyboard in Resources */ = {isa = PBXBuildFile; fileRef = 3A99FDE21F1D14B700D1BD08 /* LaunchScreen.storyboard */; };
		3A99FDEF1F1D14B700D1BD08 /* PicturePuzzleTests.swift in Sources */ = {isa = PBXBuildFile; fileRef = 3A99FDEE1F1D14B700D1BD08 /* PicturePuzzleTests.swift */; };
		3A99FDFA1F1D14B800D1BD08 /* PicturePuzzleUITests.swift in Sources */ = {isa = PBXBuildFile; fileRef = 3A99FDF91F1D14B800D1BD08 /* PicturePuzzleUITests.swift */; };
		3AC52D421F46F02300CD1DE1 /* Array+Addition.swift in Sources */ = {isa = PBXBuildFile; fileRef = 3AC52D411F46F02300CD1DE1 /* Array+Addition.swift */; };
		3AF782C11F2288F30053EB7E /* Model.swift in Sources */ = {isa = PBXBuildFile; fileRef = 3AF782C01F2288F30053EB7E /* Model.swift */; };
		3AF782C31F22AE930053EB7E /* WebService.swift in Sources */ = {isa = PBXBuildFile; fileRef = 3AF782C21F22AE930053EB7E /* WebService.swift */; };
/* End PBXBuildFile section */

/* Begin PBXContainerItemProxy section */
		3A99FDEB1F1D14B700D1BD08 /* PBXContainerItemProxy */ = {
			isa = PBXContainerItemProxy;
			containerPortal = 3A99FDCE1F1D14B700D1BD08 /* Project object */;
			proxyType = 1;
			remoteGlobalIDString = 3A99FDD51F1D14B700D1BD08;
			remoteInfo = PicturePuzzle;
		};
		3A99FDF61F1D14B700D1BD08 /* PBXContainerItemProxy */ = {
			isa = PBXContainerItemProxy;
			containerPortal = 3A99FDCE1F1D14B700D1BD08 /* Project object */;
			proxyType = 1;
			remoteGlobalIDString = 3A99FDD51F1D14B700D1BD08;
			remoteInfo = PicturePuzzle;
		};
/* End PBXContainerItemProxy section */

/* Begin PBXFileReference section */
		3A40EBA41F398B41004AA91D /* UIColor+Addition.swift */ = {isa = PBXFileReference; lastKnownFileType = sourcecode.swift; path = "UIColor+Addition.swift"; sourceTree = "<group>"; };
		3A40EBA61F39B191004AA91D /* UIImage+Addition.swift */ = {isa = PBXFileReference; lastKnownFileType = sourcecode.swift; path = "UIImage+Addition.swift"; sourceTree = "<group>"; };
		3A40EBA81F3AB5A6004AA91D /* SplashViewController.swift */ = {isa = PBXFileReference; lastKnownFileType = sourcecode.swift; path = SplashViewController.swift; sourceTree = "<group>"; };
		3A40EBAA1F3B1D16004AA91D /* RootViewController.swift */ = {isa = PBXFileReference; lastKnownFileType = sourcecode.swift; path = RootViewController.swift; sourceTree = "<group>"; };
		3A747A581F2990BE000B3492 /* VerticalProgressView.swift */ = {isa = PBXFileReference; lastKnownFileType = sourcecode.swift; path = VerticalProgressView.swift; sourceTree = "<group>"; };
		3A929A691F3DB3F700600B49 /* UIView+Addition.swift */ = {isa = PBXFileReference; lastKnownFileType = sourcecode.swift; path = "UIView+Addition.swift"; sourceTree = "<group>"; };
		3A929A6C1F3F790400600B49 /* Timer+Addition.swift */ = {isa = PBXFileReference; lastKnownFileType = sourcecode.swift; path = "Timer+Addition.swift"; sourceTree = "<group>"; };
		3A973A381F41B84400D87014 /* AdvertGame.storyboard */ = {isa = PBXFileReference; lastKnownFileType = file.storyboard; path = AdvertGame.storyboard; sourceTree = "<group>"; };
		3A99FDD61F1D14B700D1BD08 /* PicturePuzzle.app */ = {isa = PBXFileReference; explicitFileType = wrapper.application; includeInIndex = 0; path = PicturePuzzle.app; sourceTree = BUILT_PRODUCTS_DIR; };
		3A99FDD91F1D14B700D1BD08 /* AppDelegate.swift */ = {isa = PBXFileReference; lastKnownFileType = sourcecode.swift; path = AppDelegate.swift; sourceTree = "<group>"; };
		3A99FDDB1F1D14B700D1BD08 /* PuzzleViewController.swift */ = {isa = PBXFileReference; lastKnownFileType = sourcecode.swift; path = PuzzleViewController.swift; sourceTree = "<group>"; };
		3A99FDDE1F1D14B700D1BD08 /* Base */ = {isa = PBXFileReference; lastKnownFileType = file.storyboard; name = Base; path = Base.lproj/Main.storyboard; sourceTree = "<group>"; };
		3A99FDE01F1D14B700D1BD08 /* Assets.xcassets */ = {isa = PBXFileReference; lastKnownFileType = folder.assetcatalog; path = Assets.xcassets; sourceTree = "<group>"; };
		3A99FDE31F1D14B700D1BD08 /* Base */ = {isa = PBXFileReference; lastKnownFileType = file.storyboard; name = Base; path = Base.lproj/LaunchScreen.storyboard; sourceTree = "<group>"; };
		3A99FDE51F1D14B700D1BD08 /* Info.plist */ = {isa = PBXFileReference; lastKnownFileType = text.plist.xml; path = Info.plist; sourceTree = "<group>"; };
		3A99FDEA1F1D14B700D1BD08 /* PicturePuzzleTests.xctest */ = {isa = PBXFileReference; explicitFileType = wrapper.cfbundle; includeInIndex = 0; path = PicturePuzzleTests.xctest; sourceTree = BUILT_PRODUCTS_DIR; };
		3A99FDEE1F1D14B700D1BD08 /* PicturePuzzleTests.swift */ = {isa = PBXFileReference; lastKnownFileType = sourcecode.swift; path = PicturePuzzleTests.swift; sourceTree = "<group>"; };
		3A99FDF01F1D14B700D1BD08 /* Info.plist */ = {isa = PBXFileReference; lastKnownFileType = text.plist.xml; path = Info.plist; sourceTree = "<group>"; };
		3A99FDF51F1D14B700D1BD08 /* PicturePuzzleUITests.xctest */ = {isa = PBXFileReference; explicitFileType = wrapper.cfbundle; includeInIndex = 0; path = PicturePuzzleUITests.xctest; sourceTree = BUILT_PRODUCTS_DIR; };
		3A99FDF91F1D14B800D1BD08 /* PicturePuzzleUITests.swift */ = {isa = PBXFileReference; lastKnownFileType = sourcecode.swift; path = PicturePuzzleUITests.swift; sourceTree = "<group>"; };
		3A99FDFB1F1D14B800D1BD08 /* Info.plist */ = {isa = PBXFileReference; lastKnownFileType = text.plist.xml; path = Info.plist; sourceTree = "<group>"; };
		3AC52D411F46F02300CD1DE1 /* Array+Addition.swift */ = {isa = PBXFileReference; lastKnownFileType = sourcecode.swift; path = "Array+Addition.swift"; sourceTree = "<group>"; };
		3AF782C01F2288F30053EB7E /* Model.swift */ = {isa = PBXFileReference; lastKnownFileType = sourcecode.swift; path = Model.swift; sourceTree = "<group>"; };
		3AF782C21F22AE930053EB7E /* WebService.swift */ = {isa = PBXFileReference; lastKnownFileType = sourcecode.swift; path = WebService.swift; sourceTree = "<group>"; };
/* End PBXFileReference section */

/* Begin PBXFrameworksBuildPhase section */
		3A99FDD31F1D14B700D1BD08 /* Frameworks */ = {
			isa = PBXFrameworksBuildPhase;
			buildActionMask = 2147483647;
			files = (
			);
			runOnlyForDeploymentPostprocessing = 0;
		};
		3A99FDE71F1D14B700D1BD08 /* Frameworks */ = {
			isa = PBXFrameworksBuildPhase;
			buildActionMask = 2147483647;
			files = (
			);
			runOnlyForDeploymentPostprocessing = 0;
		};
		3A99FDF21F1D14B700D1BD08 /* Frameworks */ = {
			isa = PBXFrameworksBuildPhase;
			buildActionMask = 2147483647;
			files = (
			);
			runOnlyForDeploymentPostprocessing = 0;
		};
/* End PBXFrameworksBuildPhase section */

/* Begin PBXGroup section */
		3A929A6B1F3F788600600B49 /* Additions */ = {
			isa = PBXGroup;
			children = (
				3A929A691F3DB3F700600B49 /* UIView+Addition.swift */,
				3A40EBA41F398B41004AA91D /* UIColor+Addition.swift */,
				3A40EBA61F39B191004AA91D /* UIImage+Addition.swift */,
				3A929A6C1F3F790400600B49 /* Timer+Addition.swift */,
				3AC52D411F46F02300CD1DE1 /* Array+Addition.swift */,
			);
			path = Additions;
			sourceTree = "<group>";
		};
		3A973A3A1F41BC4000D87014 /* AdvertGame */ = {
			isa = PBXGroup;
			children = (
				3A973A3D1F41E38000D87014 /* Service */,
				3A973A3C1F41E35E00D87014 /* Model */,
				3A973A3B1F41E34000D87014 /* Utility */,
				3A929A6B1F3F788600600B49 /* Additions */,
				3A40EBA81F3AB5A6004AA91D /* SplashViewController.swift */,
				3A99FDDB1F1D14B700D1BD08 /* PuzzleViewController.swift */,
				3A973A381F41B84400D87014 /* AdvertGame.storyboard */,
			);
			path = AdvertGame;
			sourceTree = "<group>";
		};
		3A973A3B1F41E34000D87014 /* Utility */ = {
			isa = PBXGroup;
			children = (
				3A747A581F2990BE000B3492 /* VerticalProgressView.swift */,
			);
			path = Utility;
			sourceTree = "<group>";
		};
		3A973A3C1F41E35E00D87014 /* Model */ = {
			isa = PBXGroup;
			children = (
				3AF782C01F2288F30053EB7E /* Model.swift */,
			);
			path = Model;
			sourceTree = "<group>";
		};
		3A973A3D1F41E38000D87014 /* Service */ = {
			isa = PBXGroup;
			children = (
				3AF782C21F22AE930053EB7E /* WebService.swift */,
			);
			path = Service;
			sourceTree = "<group>";
		};
		3A99FDCD1F1D14B700D1BD08 = {
			isa = PBXGroup;
			children = (
				3A99FDD81F1D14B700D1BD08 /* PicturePuzzle */,
				3A99FDED1F1D14B700D1BD08 /* PicturePuzzleTests */,
				3A99FDF81F1D14B800D1BD08 /* PicturePuzzleUITests */,
				3A99FDD71F1D14B700D1BD08 /* Products */,
			);
			sourceTree = "<group>";
		};
		3A99FDD71F1D14B700D1BD08 /* Products */ = {
			isa = PBXGroup;
			children = (
				3A99FDD61F1D14B700D1BD08 /* PicturePuzzle.app */,
				3A99FDEA1F1D14B700D1BD08 /* PicturePuzzleTests.xctest */,
				3A99FDF51F1D14B700D1BD08 /* PicturePuzzleUITests.xctest */,
			);
			name = Products;
			sourceTree = "<group>";
		};
		3A99FDD81F1D14B700D1BD08 /* PicturePuzzle */ = {
			isa = PBXGroup;
			children = (
				3A973A3A1F41BC4000D87014 /* AdvertGame */,
				3A40EBAA1F3B1D16004AA91D /* RootViewController.swift */,
				3A99FDD91F1D14B700D1BD08 /* AppDelegate.swift */,
				3A99FDDD1F1D14B700D1BD08 /* Main.storyboard */,
				3A99FDE01F1D14B700D1BD08 /* Assets.xcassets */,
				3A99FDE21F1D14B700D1BD08 /* LaunchScreen.storyboard */,
				3A99FDE51F1D14B700D1BD08 /* Info.plist */,
			);
			path = PicturePuzzle;
			sourceTree = "<group>";
		};
		3A99FDED1F1D14B700D1BD08 /* PicturePuzzleTests */ = {
			isa = PBXGroup;
			children = (
				3A99FDEE1F1D14B700D1BD08 /* PicturePuzzleTests.swift */,
				3A99FDF01F1D14B700D1BD08 /* Info.plist */,
			);
			path = PicturePuzzleTests;
			sourceTree = "<group>";
		};
		3A99FDF81F1D14B800D1BD08 /* PicturePuzzleUITests */ = {
			isa = PBXGroup;
			children = (
				3A99FDF91F1D14B800D1BD08 /* PicturePuzzleUITests.swift */,
				3A99FDFB1F1D14B800D1BD08 /* Info.plist */,
			);
			path = PicturePuzzleUITests;
			sourceTree = "<group>";
		};
/* End PBXGroup section */

/* Begin PBXNativeTarget section */
		3A99FDD51F1D14B700D1BD08 /* PicturePuzzle */ = {
			isa = PBXNativeTarget;
			buildConfigurationList = 3A99FDFE1F1D14B800D1BD08 /* Build configuration list for PBXNativeTarget "PicturePuzzle" */;
			buildPhases = (
				3A99FDD21F1D14B700D1BD08 /* Sources */,
				3A99FDD31F1D14B700D1BD08 /* Frameworks */,
				3A99FDD41F1D14B700D1BD08 /* Resources */,
			);
			buildRules = (
			);
			dependencies = (
			);
			name = PicturePuzzle;
			productName = PicturePuzzle;
			productReference = 3A99FDD61F1D14B700D1BD08 /* PicturePuzzle.app */;
			productType = "com.apple.product-type.application";
		};
		3A99FDE91F1D14B700D1BD08 /* PicturePuzzleTests */ = {
			isa = PBXNativeTarget;
			buildConfigurationList = 3A99FE011F1D14B800D1BD08 /* Build configuration list for PBXNativeTarget "PicturePuzzleTests" */;
			buildPhases = (
				3A99FDE61F1D14B700D1BD08 /* Sources */,
				3A99FDE71F1D14B700D1BD08 /* Frameworks */,
				3A99FDE81F1D14B700D1BD08 /* Resources */,
			);
			buildRules = (
			);
			dependencies = (
				3A99FDEC1F1D14B700D1BD08 /* PBXTargetDependency */,
			);
			name = PicturePuzzleTests;
			productName = PicturePuzzleTests;
			productReference = 3A99FDEA1F1D14B700D1BD08 /* PicturePuzzleTests.xctest */;
			productType = "com.apple.product-type.bundle.unit-test";
		};
		3A99FDF41F1D14B700D1BD08 /* PicturePuzzleUITests */ = {
			isa = PBXNativeTarget;
			buildConfigurationList = 3A99FE041F1D14B800D1BD08 /* Build configuration list for PBXNativeTarget "PicturePuzzleUITests" */;
			buildPhases = (
				3A99FDF11F1D14B700D1BD08 /* Sources */,
				3A99FDF21F1D14B700D1BD08 /* Frameworks */,
				3A99FDF31F1D14B700D1BD08 /* Resources */,
			);
			buildRules = (
			);
			dependencies = (
				3A99FDF71F1D14B700D1BD08 /* PBXTargetDependency */,
			);
			name = PicturePuzzleUITests;
			productName = PicturePuzzleUITests;
			productReference = 3A99FDF51F1D14B700D1BD08 /* PicturePuzzleUITests.xctest */;
			productType = "com.apple.product-type.bundle.ui-testing";
		};
/* End PBXNativeTarget section */

/* Begin PBXProject section */
		3A99FDCE1F1D14B700D1BD08 /* Project object */ = {
			isa = PBXProject;
			attributes = {
				LastSwiftUpdateCheck = 0820;
				LastUpgradeCheck = 0900;
				ORGANIZATIONNAME = "Gupta, Mrigank";
				TargetAttributes = {
					3A99FDD51F1D14B700D1BD08 = {
						CreatedOnToolsVersion = 8.2.1;
						DevelopmentTeam = QR9565V3SM;
						ProvisioningStyle = Automatic;
					};
					3A99FDE91F1D14B700D1BD08 = {
						CreatedOnToolsVersion = 8.2.1;
						DevelopmentTeam = QR9565V3SM;
						ProvisioningStyle = Automatic;
						TestTargetID = 3A99FDD51F1D14B700D1BD08;
					};
					3A99FDF41F1D14B700D1BD08 = {
						CreatedOnToolsVersion = 8.2.1;
						DevelopmentTeam = QR9565V3SM;
						ProvisioningStyle = Automatic;
						TestTargetID = 3A99FDD51F1D14B700D1BD08;
					};
				};
			};
			buildConfigurationList = 3A99FDD11F1D14B700D1BD08 /* Build configuration list for PBXProject "PicturePuzzle" */;
			compatibilityVersion = "Xcode 3.2";
			developmentRegion = English;
			hasScannedForEncodings = 0;
			knownRegions = (
				en,
				Base,
			);
			mainGroup = 3A99FDCD1F1D14B700D1BD08;
			productRefGroup = 3A99FDD71F1D14B700D1BD08 /* Products */;
			projectDirPath = "";
			projectRoot = "";
			targets = (
				3A99FDD51F1D14B700D1BD08 /* PicturePuzzle */,
				3A99FDE91F1D14B700D1BD08 /* PicturePuzzleTests */,
				3A99FDF41F1D14B700D1BD08 /* PicturePuzzleUITests */,
			);
		};
/* End PBXProject section */

/* Begin PBXResourcesBuildPhase section */
		3A99FDD41F1D14B700D1BD08 /* Resources */ = {
			isa = PBXResourcesBuildPhase;
			buildActionMask = 2147483647;
			files = (
				3A973A391F41B84400D87014 /* AdvertGame.storyboard in Resources */,
				3A99FDE41F1D14B700D1BD08 /* LaunchScreen.storyboard in Resources */,
				3A99FDE11F1D14B700D1BD08 /* Assets.xcassets in Resources */,
				3A99FDDF1F1D14B700D1BD08 /* Main.storyboard in Resources */,
			);
			runOnlyForDeploymentPostprocessing = 0;
		};
		3A99FDE81F1D14B700D1BD08 /* Resources */ = {
			isa = PBXResourcesBuildPhase;
			buildActionMask = 2147483647;
			files = (
			);
			runOnlyForDeploymentPostprocessing = 0;
		};
		3A99FDF31F1D14B700D1BD08 /* Resources */ = {
			isa = PBXResourcesBuildPhase;
			buildActionMask = 2147483647;
			files = (
			);
			runOnlyForDeploymentPostprocessing = 0;
		};
/* End PBXResourcesBuildPhase section */

/* Begin PBXSourcesBuildPhase section */
		3A99FDD21F1D14B700D1BD08 /* Sources */ = {
			isa = PBXSourcesBuildPhase;
			buildActionMask = 2147483647;
			files = (
				3AF782C11F2288F30053EB7E /* Model.swift in Sources */,
				3AC52D421F46F02300CD1DE1 /* Array+Addition.swift in Sources */,
				3A40EBA51F398B41004AA91D /* UIColor+Addition.swift in Sources */,
				3A99FDDC1F1D14B700D1BD08 /* PuzzleViewController.swift in Sources */,
				3AF782C31F22AE930053EB7E /* WebService.swift in Sources */,
				3A99FDDA1F1D14B700D1BD08 /* AppDelegate.swift in Sources */,
				3A747A591F2990BE000B3492 /* VerticalProgressView.swift in Sources */,
				3A40EBAB1F3B1D16004AA91D /* RootViewController.swift in Sources */,
				3A929A6D1F3F790400600B49 /* Timer+Addition.swift in Sources */,
				3A929A6A1F3DB3F700600B49 /* UIView+Addition.swift in Sources */,
				3A40EBA71F39B191004AA91D /* UIImage+Addition.swift in Sources */,
				3A40EBA91F3AB5A6004AA91D /* SplashViewController.swift in Sources */,
			);
			runOnlyForDeploymentPostprocessing = 0;
		};
		3A99FDE61F1D14B700D1BD08 /* Sources */ = {
			isa = PBXSourcesBuildPhase;
			buildActionMask = 2147483647;
			files = (
				3A99FDEF1F1D14B700D1BD08 /* PicturePuzzleTests.swift in Sources */,
			);
			runOnlyForDeploymentPostprocessing = 0;
		};
		3A99FDF11F1D14B700D1BD08 /* Sources */ = {
			isa = PBXSourcesBuildPhase;
			buildActionMask = 2147483647;
			files = (
				3A99FDFA1F1D14B800D1BD08 /* PicturePuzzleUITests.swift in Sources */,
			);
			runOnlyForDeploymentPostprocessing = 0;
		};
/* End PBXSourcesBuildPhase section */

/* Begin PBXTargetDependency section */
		3A99FDEC1F1D14B700D1BD08 /* PBXTargetDependency */ = {
			isa = PBXTargetDependency;
			target = 3A99FDD51F1D14B700D1BD08 /* PicturePuzzle */;
			targetProxy = 3A99FDEB1F1D14B700D1BD08 /* PBXContainerItemProxy */;
		};
		3A99FDF71F1D14B700D1BD08 /* PBXTargetDependency */ = {
			isa = PBXTargetDependency;
			target = 3A99FDD51F1D14B700D1BD08 /* PicturePuzzle */;
			targetProxy = 3A99FDF61F1D14B700D1BD08 /* PBXContainerItemProxy */;
		};
/* End PBXTargetDependency section */

/* Begin PBXVariantGroup section */
		3A99FDDD1F1D14B700D1BD08 /* Main.storyboard */ = {
			isa = PBXVariantGroup;
			children = (
				3A99FDDE1F1D14B700D1BD08 /* Base */,
			);
			name = Main.storyboard;
			sourceTree = "<group>";
		};
		3A99FDE21F1D14B700D1BD08 /* LaunchScreen.storyboard */ = {
			isa = PBXVariantGroup;
			children = (
				3A99FDE31F1D14B700D1BD08 /* Base */,
			);
			name = LaunchScreen.storyboard;
			sourceTree = "<group>";
		};
/* End PBXVariantGroup section */

/* Begin XCBuildConfiguration section */
		3A99FDFC1F1D14B800D1BD08 /* Debug */ = {
			isa = XCBuildConfiguration;
			buildSettings = {
				ALWAYS_SEARCH_USER_PATHS = NO;
				CLANG_ANALYZER_NONNULL = YES;
				CLANG_CXX_LANGUAGE_STANDARD = "gnu++0x";
				CLANG_CXX_LIBRARY = "libc++";
				CLANG_ENABLE_MODULES = YES;
				CLANG_ENABLE_OBJC_ARC = YES;
				CLANG_WARN_BLOCK_CAPTURE_AUTORELEASING = YES;
				CLANG_WARN_BOOL_CONVERSION = YES;
				CLANG_WARN_COMMA = YES;
				CLANG_WARN_CONSTANT_CONVERSION = YES;
				CLANG_WARN_DIRECT_OBJC_ISA_USAGE = YES_ERROR;
				CLANG_WARN_DOCUMENTATION_COMMENTS = YES;
				CLANG_WARN_EMPTY_BODY = YES;
				CLANG_WARN_ENUM_CONVERSION = YES;
				CLANG_WARN_INFINITE_RECURSION = YES;
				CLANG_WARN_INT_CONVERSION = YES;
				CLANG_WARN_NON_LITERAL_NULL_CONVERSION = YES;
				CLANG_WARN_OBJC_LITERAL_CONVERSION = YES;
				CLANG_WARN_OBJC_ROOT_CLASS = YES_ERROR;
				CLANG_WARN_RANGE_LOOP_ANALYSIS = YES;
				CLANG_WARN_STRICT_PROTOTYPES = YES;
				CLANG_WARN_SUSPICIOUS_MOVE = YES;
				CLANG_WARN_UNREACHABLE_CODE = YES;
				CLANG_WARN__DUPLICATE_METHOD_MATCH = YES;
				"CODE_SIGN_IDENTITY[sdk=iphoneos*]" = "iPhone Developer";
				COPY_PHASE_STRIP = NO;
				DEBUG_INFORMATION_FORMAT = dwarf;
				ENABLE_STRICT_OBJC_MSGSEND = YES;
				ENABLE_TESTABILITY = YES;
				GCC_C_LANGUAGE_STANDARD = gnu99;
				GCC_DYNAMIC_NO_PIC = NO;
				GCC_NO_COMMON_BLOCKS = YES;
				GCC_OPTIMIZATION_LEVEL = 0;
				GCC_PREPROCESSOR_DEFINITIONS = (
					"DEBUG=1",
					"$(inherited)",
				);
				GCC_WARN_64_TO_32_BIT_CONVERSION = YES;
				GCC_WARN_ABOUT_RETURN_TYPE = YES_ERROR;
				GCC_WARN_UNDECLARED_SELECTOR = YES;
				GCC_WARN_UNINITIALIZED_AUTOS = YES_AGGRESSIVE;
				GCC_WARN_UNUSED_FUNCTION = YES;
				GCC_WARN_UNUSED_VARIABLE = YES;
				IPHONEOS_DEPLOYMENT_TARGET = 10.2;
				MTL_ENABLE_DEBUG_INFO = YES;
				ONLY_ACTIVE_ARCH = YES;
				SDKROOT = iphoneos;
				SWIFT_ACTIVE_COMPILATION_CONDITIONS = DEBUG;
				SWIFT_OPTIMIZATION_LEVEL = "-Onone";
				TARGETED_DEVICE_FAMILY = "1,2";
			};
			name = Debug;
		};
		3A99FDFD1F1D14B800D1BD08 /* Release */ = {
			isa = XCBuildConfiguration;
			buildSettings = {
				ALWAYS_SEARCH_USER_PATHS = NO;
				CLANG_ANALYZER_NONNULL = YES;
				CLANG_CXX_LANGUAGE_STANDARD = "gnu++0x";
				CLANG_CXX_LIBRARY = "libc++";
				CLANG_ENABLE_MODULES = YES;
				CLANG_ENABLE_OBJC_ARC = YES;
				CLANG_WARN_BLOCK_CAPTURE_AUTORELEASING = YES;
				CLANG_WARN_BOOL_CONVERSION = YES;
				CLANG_WARN_COMMA = YES;
				CLANG_WARN_CONSTANT_CONVERSION = YES;
				CLANG_WARN_DIRECT_OBJC_ISA_USAGE = YES_ERROR;
				CLANG_WARN_DOCUMENTATION_COMMENTS = YES;
				CLANG_WARN_EMPTY_BODY = YES;
				CLANG_WARN_ENUM_CONVERSION = YES;
				CLANG_WARN_INFINITE_RECURSION = YES;
				CLANG_WARN_INT_CONVERSION = YES;
				CLANG_WARN_NON_LITERAL_NULL_CONVERSION = YES;
				CLANG_WARN_OBJC_LITERAL_CONVERSION = YES;
				CLANG_WARN_OBJC_ROOT_CLASS = YES_ERROR;
				CLANG_WARN_RANGE_LOOP_ANALYSIS = YES;
				CLANG_WARN_STRICT_PROTOTYPES = YES;
				CLANG_WARN_SUSPICIOUS_MOVE = YES;
				CLANG_WARN_UNREACHABLE_CODE = YES;
				CLANG_WARN__DUPLICATE_METHOD_MATCH = YES;
				"CODE_SIGN_IDENTITY[sdk=iphoneos*]" = "iPhone Developer";
				COPY_PHASE_STRIP = NO;
				DEBUG_INFORMATION_FORMAT = "dwarf-with-dsym";
				ENABLE_NS_ASSERTIONS = NO;
				ENABLE_STRICT_OBJC_MSGSEND = YES;
				GCC_C_LANGUAGE_STANDARD = gnu99;
				GCC_NO_COMMON_BLOCKS = YES;
				GCC_WARN_64_TO_32_BIT_CONVERSION = YES;
				GCC_WARN_ABOUT_RETURN_TYPE = YES_ERROR;
				GCC_WARN_UNDECLARED_SELECTOR = YES;
				GCC_WARN_UNINITIALIZED_AUTOS = YES_AGGRESSIVE;
				GCC_WARN_UNUSED_FUNCTION = YES;
				GCC_WARN_UNUSED_VARIABLE = YES;
				IPHONEOS_DEPLOYMENT_TARGET = 10.2;
				MTL_ENABLE_DEBUG_INFO = NO;
				SDKROOT = iphoneos;
				SWIFT_OPTIMIZATION_LEVEL = "-Owholemodule";
				TARGETED_DEVICE_FAMILY = "1,2";
				VALIDATE_PRODUCT = YES;
			};
			name = Release;
		};
		3A99FDFF1F1D14B800D1BD08 /* Debug */ = {
			isa = XCBuildConfiguration;
			buildSettings = {
				ALWAYS_EMBED_SWIFT_STANDARD_LIBRARIES = YES;
				ASSETCATALOG_COMPILER_APPICON_NAME = AppIcon;
				DEVELOPMENT_TEAM = QR9565V3SM;
				INFOPLIST_FILE = PicturePuzzle/Info.plist;
				IPHONEOS_DEPLOYMENT_TARGET = 10.0;
				LD_RUNPATH_SEARCH_PATHS = "$(inherited) @executable_path/Frameworks";
				PRODUCT_BUNDLE_IDENTIFIER = com.cogicx.PicturePuzzle;
				PRODUCT_NAME = "$(TARGET_NAME)";
				SWIFT_VERSION = 3.0;
			};
			name = Debug;
		};
		3A99FE001F1D14B800D1BD08 /* Release */ = {
			isa = XCBuildConfiguration;
			buildSettings = {
				ALWAYS_EMBED_SWIFT_STANDARD_LIBRARIES = YES;
				ASSETCATALOG_COMPILER_APPICON_NAME = AppIcon;
				DEVELOPMENT_TEAM = QR9565V3SM;
				INFOPLIST_FILE = PicturePuzzle/Info.plist;
				IPHONEOS_DEPLOYMENT_TARGET = 10.0;
				LD_RUNPATH_SEARCH_PATHS = "$(inherited) @executable_path/Frameworks";
				PRODUCT_BUNDLE_IDENTIFIER = com.cogicx.PicturePuzzle;
				PRODUCT_NAME = "$(TARGET_NAME)";
				SWIFT_VERSION = 3.0;
			};
			name = Release;
		};
		3A99FE021F1D14B800D1BD08 /* Debug */ = {
			isa = XCBuildConfiguration;
			buildSettings = {
				ALWAYS_EMBED_SWIFT_STANDARD_LIBRARIES = YES;
				BUNDLE_LOADER = "$(TEST_HOST)";
				DEVELOPMENT_TEAM = QR9565V3SM;
				INFOPLIST_FILE = PicturePuzzleTests/Info.plist;
				LD_RUNPATH_SEARCH_PATHS = "$(inherited) @executable_path/Frameworks @loader_path/Frameworks";
				PRODUCT_BUNDLE_IDENTIFIER = com.cogicx..PicturePuzzleTests;
				PRODUCT_NAME = "$(TARGET_NAME)";
				SWIFT_VERSION = 3.0;
				TEST_HOST = "$(BUILT_PRODUCTS_DIR)/PicturePuzzle.app/PicturePuzzle";
			};
			name = Debug;
		};
		3A99FE031F1D14B800D1BD08 /* Release */ = {
			isa = XCBuildConfiguration;
			buildSettings = {
				ALWAYS_EMBED_SWIFT_STANDARD_LIBRARIES = YES;
				BUNDLE_LOADER = "$(TEST_HOST)";
				DEVELOPMENT_TEAM = QR9565V3SM;
				INFOPLIST_FILE = PicturePuzzleTests/Info.plist;
				LD_RUNPATH_SEARCH_PATHS = "$(inherited) @executable_path/Frameworks @loader_path/Frameworks";
				PRODUCT_BUNDLE_IDENTIFIER = com.cogicx..PicturePuzzleTests;
				PRODUCT_NAME = "$(TARGET_NAME)";
				SWIFT_VERSION = 3.0;
				TEST_HOST = "$(BUILT_PRODUCTS_DIR)/PicturePuzzle.app/PicturePuzzle";
			};
			name = Release;
		};
		3A99FE051F1D14B800D1BD08 /* Debug */ = {
			isa = XCBuildConfiguration;
			buildSettings = {
				ALWAYS_EMBED_SWIFT_STANDARD_LIBRARIES = YES;
				DEVELOPMENT_TEAM = QR9565V3SM;
				INFOPLIST_FILE = PicturePuzzleUITests/Info.plist;
				LD_RUNPATH_SEARCH_PATHS = "$(inherited) @executable_path/Frameworks @loader_path/Frameworks";
				PRODUCT_BUNDLE_IDENTIFIER = com.cogicx..PicturePuzzleUITests;
				PRODUCT_NAME = "$(TARGET_NAME)";
				SWIFT_VERSION = 3.0;
				TEST_TARGET_NAME = PicturePuzzle;
			};
			name = Debug;
		};
		3A99FE061F1D14B800D1BD08 /* Release */ = {
			isa = XCBuildConfiguration;
			buildSettings = {
				ALWAYS_EMBED_SWIFT_STANDARD_LIBRARIES = YES;
				DEVELOPMENT_TEAM = QR9565V3SM;
				INFOPLIST_FILE = PicturePuzzleUITests/Info.plist;
				LD_RUNPATH_SEARCH_PATHS = "$(inherited) @executable_path/Frameworks @loader_path/Frameworks";
				PRODUCT_BUNDLE_IDENTIFIER = com.cogicx..PicturePuzzleUITests;
				PRODUCT_NAME = "$(TARGET_NAME)";
				SWIFT_VERSION = 3.0;
				TEST_TARGET_NAME = PicturePuzzle;
			};
			name = Release;
		};
/* End XCBuildConfiguration section */

/* Begin XCConfigurationList section */
		3A99FDD11F1D14B700D1BD08 /* Build configuration list for PBXProject "PicturePuzzle" */ = {
			isa = XCConfigurationList;
			buildConfigurations = (
				3A99FDFC1F1D14B800D1BD08 /* Debug */,
				3A99FDFD1F1D14B800D1BD08 /* Release */,
			);
			defaultConfigurationIsVisible = 0;
			defaultConfigurationName = Release;
		};
		3A99FDFE1F1D14B800D1BD08 /* Build configuration list for PBXNativeTarget "PicturePuzzle" */ = {
			isa = XCConfigurationList;
			buildConfigurations = (
				3A99FDFF1F1D14B800D1BD08 /* Debug */,
				3A99FE001F1D14B800D1BD08 /* Release */,
			);
			defaultConfigurationIsVisible = 0;
			defaultConfigurationName = Release;
		};
		3A99FE011F1D14B800D1BD08 /* Build configuration list for PBXNativeTarget "PicturePuzzleTests" */ = {
			isa = XCConfigurationList;
			buildConfigurations = (
				3A99FE021F1D14B800D1BD08 /* Debug */,
				3A99FE031F1D14B800D1BD08 /* Release */,
			);
			defaultConfigurationIsVisible = 0;
			defaultConfigurationName = Release;
		};
		3A99FE041F1D14B800D1BD08 /* Build configuration list for PBXNativeTarget "PicturePuzzleUITests" */ = {
			isa = XCConfigurationList;
			buildConfigurations = (
				3A99FE051F1D14B800D1BD08 /* Debug */,
				3A99FE061F1D14B800D1BD08 /* Release */,
			);
			defaultConfigurationIsVisible = 0;
			defaultConfigurationName = Release;
		};
/* End XCConfigurationList section */
	};
	rootObject = 3A99FDCE1F1D14B700D1BD08 /* Project object */;
}
